
Microsoft Visual Studio Solution File, Format Version 12.00
# Visual Studio Version 17
VisualStudioVersion = 17.5.002.0
MinimumVisualStudioVersion = 10.0.40219.1
Project("{9A19103F-16F7-4668-BE54-9A1E7A4F7556}") = "Tebbet", "Tebbet.csproj", "{0FCED3A8-235B-4AEA-93F2-C13D03233D6F}"
EndProject
Global
	GlobalSection(SolutionConfigurationPlatforms) = preSolution
		Debug|Any CPU = Debug|Any CPU
		Release|Any CPU = Release|Any CPU
	EndGlobalSection
	GlobalSection(ProjectConfigurationPlatforms) = postSolution
		{0FCED3A8-235B-4AEA-93F2-C13D03233D6F}.Debug|Any CPU.ActiveCfg = Debug|Any CPU
		{0FCED3A8-235B-4AEA-93F2-C13D03233D6F}.Debug|Any CPU.Build.0 = Debug|Any CPU
		{0FCED3A8-235B-4AEA-93F2-C13D03233D6F}.Release|Any CPU.ActiveCfg = Release|Any CPU
		{0FCED3A8-235B-4AEA-93F2-C13D03233D6F}.Release|Any CPU.Build.0 = Release|Any CPU
	EndGlobalSection
	GlobalSection(SolutionProperties) = preSolution
		HideSolutionNode = FALSE
	EndGlobalSection
	GlobalSection(ExtensibilityGlobals) = postSolution
		SolutionGuid = {7C7089B0-A637-48C2-8414-ECD1F15C1062}
	EndGlobalSection
EndGlobal
